// !$*UTF8*$!
{
	archiveVersion = 1;
	classes = {
	};
	objectVersion = 50;
	objects = {

/* Begin PBXBuildFile section */
		152349BB25B61E25001B8E33 /* TankerCoPirateApp.swift in Sources */ = {isa = PBXBuildFile; fileRef = 152349BA25B61E25001B8E33 /* TankerCoPirateApp.swift */; };
		152349BD25B61E25001B8E33 /* ContentView.swift in Sources */ = {isa = PBXBuildFile; fileRef = 152349BC25B61E25001B8E33 /* ContentView.swift */; };
		152349BF25B61E27001B8E33 /* Assets.xcassets in Resources */ = {isa = PBXBuildFile; fileRef = 152349BE25B61E27001B8E33 /* Assets.xcassets */; };
		152349C225B61E27001B8E33 /* Preview Assets.xcassets in Resources */ = {isa = PBXBuildFile; fileRef = 152349C125B61E27001B8E33 /* Preview Assets.xcassets */; };
		152349CD25B61E27001B8E33 /* TankerCoPirateTests.swift in Sources */ = {isa = PBXBuildFile; fileRef = 152349CC25B61E27001B8E33 /* TankerCoPirateTests.swift */; };
		152349D825B61E27001B8E33 /* TankerCoPirateUITests.swift in Sources */ = {isa = PBXBuildFile; fileRef = 152349D725B61E27001B8E33 /* TankerCoPirateUITests.swift */; };
/* End PBXBuildFile section */

/* Begin PBXContainerItemProxy section */
		152349C925B61E27001B8E33 /* PBXContainerItemProxy */ = {
			isa = PBXContainerItemProxy;
			containerPortal = 152349AF25B61E25001B8E33 /* Project object */;
			proxyType = 1;
			remoteGlobalIDString = 152349B625B61E25001B8E33;
			remoteInfo = TankerCoPirate;
		};
		152349D425B61E27001B8E33 /* PBXContainerItemProxy */ = {
			isa = PBXContainerItemProxy;
			containerPortal = 152349AF25B61E25001B8E33 /* Project object */;
			proxyType = 1;
			remoteGlobalIDString = 152349B625B61E25001B8E33;
			remoteInfo = TankerCoPirate;
		};
/* End PBXContainerItemProxy section */

/* Begin PBXFileReference section */
		152349B725B61E25001B8E33 /* TankerCoPirate.app */ = {isa = PBXFileReference; explicitFileType = wrapper.application; includeInIndex = 0; path = TankerCoPirate.app; sourceTree = BUILT_PRODUCTS_DIR; };
		152349BA25B61E25001B8E33 /* TankerCoPirateApp.swift */ = {isa = PBXFileReference; lastKnownFileType = sourcecode.swift; path = TankerCoPirateApp.swift; sourceTree = "<group>"; };
		152349BC25B61E25001B8E33 /* ContentView.swift */ = {isa = PBXFileReference; lastKnownFileType = sourcecode.swift; path = ContentView.swift; sourceTree = "<group>"; };
		152349BE25B61E27001B8E33 /* Assets.xcassets */ = {isa = PBXFileReference; lastKnownFileType = folder.assetcatalog; path = Assets.xcassets; sourceTree = "<group>"; };
		152349C125B61E27001B8E33 /* Preview Assets.xcassets */ = {isa = PBXFileReference; lastKnownFileType = folder.assetcatalog; path = "Preview Assets.xcassets"; sourceTree = "<group>"; };
		152349C325B61E27001B8E33 /* Info.plist */ = {isa = PBXFileReference; lastKnownFileType = text.plist.xml; path = Info.plist; sourceTree = "<group>"; };
		152349C825B61E27001B8E33 /* TankerCoPirateTests.xctest */ = {isa = PBXFileReference; explicitFileType = wrapper.cfbundle; includeInIndex = 0; path = TankerCoPirateTests.xctest; sourceTree = BUILT_PRODUCTS_DIR; };
		152349CC25B61E27001B8E33 /* TankerCoPirateTests.swift */ = {isa = PBXFileReference; lastKnownFileType = sourcecode.swift; path = TankerCoPirateTests.swift; sourceTree = "<group>"; };
		152349CE25B61E27001B8E33 /* Info.plist */ = {isa = PBXFileReference; lastKnownFileType = text.plist.xml; path = Info.plist; sourceTree = "<group>"; };
		152349D325B61E27001B8E33 /* TankerCoPirateUITests.xctest */ = {isa = PBXFileReference; explicitFileType = wrapper.cfbundle; includeInIndex = 0; path = TankerCoPirateUITests.xctest; sourceTree = BUILT_PRODUCTS_DIR; };
		152349D725B61E27001B8E33 /* TankerCoPirateUITests.swift */ = {isa = PBXFileReference; lastKnownFileType = sourcecode.swift; path = TankerCoPirateUITests.swift; sourceTree = "<group>"; };
		152349D925B61E27001B8E33 /* Info.plist */ = {isa = PBXFileReference; lastKnownFileType = text.plist.xml; path = Info.plist; sourceTree = "<group>"; };
/* End PBXFileReference section */

/* Begin PBXFrameworksBuildPhase section */
		152349B425B61E25001B8E33 /* Frameworks */ = {
			isa = PBXFrameworksBuildPhase;
			buildActionMask = 2147483647;
			files = (
			);
			runOnlyForDeploymentPostprocessing = 0;
		};
		152349C525B61E27001B8E33 /* Frameworks */ = {
			isa = PBXFrameworksBuildPhase;
			buildActionMask = 2147483647;
			files = (
			);
			runOnlyForDeploymentPostprocessing = 0;
		};
		152349D025B61E27001B8E33 /* Frameworks */ = {
			isa = PBXFrameworksBuildPhase;
			buildActionMask = 2147483647;
			files = (
			);
			runOnlyForDeploymentPostprocessing = 0;
		};
/* End PBXFrameworksBuildPhase section */

/* Begin PBXGroup section */
		152349AE25B61E25001B8E33 = {
			isa = PBXGroup;
			children = (
				152349B925B61E25001B8E33 /* TankerCoPirate */,
				152349CB25B61E27001B8E33 /* TankerCoPirateTests */,
				152349D625B61E27001B8E33 /* TankerCoPirateUITests */,
				152349B825B61E25001B8E33 /* Products */,
			);
			sourceTree = "<group>";
		};
		152349B825B61E25001B8E33 /* Products */ = {
			isa = PBXGroup;
			children = (
				152349B725B61E25001B8E33 /* TankerCoPirate.app */,
				152349C825B61E27001B8E33 /* TankerCoPirateTests.xctest */,
				152349D325B61E27001B8E33 /* TankerCoPirateUITests.xctest */,
			);
			name = Products;
			sourceTree = "<group>";
		};
		152349B925B61E25001B8E33 /* TankerCoPirate */ = {
			isa = PBXGroup;
			children = (
				152349BA25B61E25001B8E33 /* TankerCoPirateApp.swift */,
				152349BC25B61E25001B8E33 /* ContentView.swift */,
				152349BE25B61E27001B8E33 /* Assets.xcassets */,
				152349C325B61E27001B8E33 /* Info.plist */,
				152349C025B61E27001B8E33 /* Preview Content */,
			);
			path = TankerCoPirate;
			sourceTree = "<group>";
		};
		152349C025B61E27001B8E33 /* Preview Content */ = {
			isa = PBXGroup;
			children = (
				152349C125B61E27001B8E33 /* Preview Assets.xcassets */,
			);
			path = "Preview Content";
			sourceTree = "<group>";
		};
		152349CB25B61E27001B8E33 /* TankerCoPirateTests */ = {
			isa = PBXGroup;
			children = (
				152349CC25B61E27001B8E33 /* TankerCoPirateTests.swift */,
				152349CE25B61E27001B8E33 /* Info.plist */,
			);
			path = TankerCoPirateTests;
			sourceTree = "<group>";
		};
		152349D625B61E27001B8E33 /* TankerCoPirateUITests */ = {
			isa = PBXGroup;
			children = (
				152349D725B61E27001B8E33 /* TankerCoPirateUITests.swift */,
				152349D925B61E27001B8E33 /* Info.plist */,
			);
			path = TankerCoPirateUITests;
			sourceTree = "<group>";
		};
/* End PBXGroup section */

/* Begin PBXNativeTarget section */
		152349B625B61E25001B8E33 /* TankerCoPirate */ = {
			isa = PBXNativeTarget;
			buildConfigurationList = 152349DC25B61E27001B8E33 /* Build configuration list for PBXNativeTarget "TankerCoPirate" */;
			buildPhases = (
				152349B325B61E25001B8E33 /* Sources */,
				152349B425B61E25001B8E33 /* Frameworks */,
				152349B525B61E25001B8E33 /* Resources */,
			);
			buildRules = (
			);
			dependencies = (
			);
			name = TankerCoPirate;
			productName = TankerCoPirate;
			productReference = 152349B725B61E25001B8E33 /* TankerCoPirate.app */;
			productType = "com.apple.product-type.application";
		};
		152349C725B61E27001B8E33 /* TankerCoPirateTests */ = {
			isa = PBXNativeTarget;
			buildConfigurationList = 152349DF25B61E27001B8E33 /* Build configuration list for PBXNativeTarget "TankerCoPirateTests" */;
			buildPhases = (
				152349C425B61E27001B8E33 /* Sources */,
				152349C525B61E27001B8E33 /* Frameworks */,
				152349C625B61E27001B8E33 /* Resources */,
			);
			buildRules = (
			);
			dependencies = (
				152349CA25B61E27001B8E33 /* PBXTargetDependency */,
			);
			name = TankerCoPirateTests;
			productName = TankerCoPirateTests;
			productReference = 152349C825B61E27001B8E33 /* TankerCoPirateTests.xctest */;
			productType = "com.apple.product-type.bundle.unit-test";
		};
		152349D225B61E27001B8E33 /* TankerCoPirateUITests */ = {
			isa = PBXNativeTarget;
			buildConfigurationList = 152349E225B61E27001B8E33 /* Build configuration list for PBXNativeTarget "TankerCoPirateUITests" */;
			buildPhases = (
				152349CF25B61E27001B8E33 /* Sources */,
				152349D025B61E27001B8E33 /* Frameworks */,
				152349D125B61E27001B8E33 /* Resources */,
			);
			buildRules = (
			);
			dependencies = (
				152349D525B61E27001B8E33 /* PBXTargetDependency */,
			);
			name = TankerCoPirateUITests;
			productName = TankerCoPirateUITests;
			productReference = 152349D325B61E27001B8E33 /* TankerCoPirateUITests.xctest */;
			productType = "com.apple.product-type.bundle.ui-testing";
		};
/* End PBXNativeTarget section */

/* Begin PBXProject section */
		152349AF25B61E25001B8E33 /* Project object */ = {
			isa = PBXProject;
			attributes = {
				LastSwiftUpdateCheck = 1230;
				LastUpgradeCheck = 1230;
				TargetAttributes = {
					152349B625B61E25001B8E33 = {
						CreatedOnToolsVersion = 12.3;
					};
					152349C725B61E27001B8E33 = {
						CreatedOnToolsVersion = 12.3;
						TestTargetID = 152349B625B61E25001B8E33;
					};
					152349D225B61E27001B8E33 = {
						CreatedOnToolsVersion = 12.3;
						TestTargetID = 152349B625B61E25001B8E33;
					};
				};
			};
			buildConfigurationList = 152349B225B61E25001B8E33 /* Build configuration list for PBXProject "TankerCoPirate" */;
			compatibilityVersion = "Xcode 9.3";
			developmentRegion = en;
			hasScannedForEncodings = 0;
			knownRegions = (
				en,
				Base,
			);
			mainGroup = 152349AE25B61E25001B8E33;
			productRefGroup = 152349B825B61E25001B8E33 /* Products */;
			projectDirPath = "";
			projectRoot = "";
			targets = (
				152349B625B61E25001B8E33 /* TankerCoPirate */,
				152349C725B61E27001B8E33 /* TankerCoPirateTests */,
				152349D225B61E27001B8E33 /* TankerCoPirateUITests */,
			);
		};
/* End PBXProject section */

/* Begin PBXResourcesBuildPhase section */
		152349B525B61E25001B8E33 /* Resources */ = {
			isa = PBXResourcesBuildPhase;
			buildActionMask = 2147483647;
			files = (
				152349C225B61E27001B8E33 /* Preview Assets.xcassets in Resources */,
				152349BF25B61E27001B8E33 /* Assets.xcassets in Resources */,
			);
			runOnlyForDeploymentPostprocessing = 0;
		};
		152349C625B61E27001B8E33 /* Resources */ = {
			isa = PBXResourcesBuildPhase;
			buildActionMask = 2147483647;
			files = (
			);
			runOnlyForDeploymentPostprocessing = 0;
		};
		152349D125B61E27001B8E33 /* Resources */ = {
			isa = PBXResourcesBuildPhase;
			buildActionMask = 2147483647;
			files = (
			);
			runOnlyForDeploymentPostprocessing = 0;
		};
/* End PBXResourcesBuildPhase section */

/* Begin PBXSourcesBuildPhase section */
		152349B325B61E25001B8E33 /* Sources */ = {
			isa = PBXSourcesBuildPhase;
			buildActionMask = 2147483647;
			files = (
				152349BD25B61E25001B8E33 /* ContentView.swift in Sources */,
				152349BB25B61E25001B8E33 /* TankerCoPirateApp.swift in Sources */,
			);
			runOnlyForDeploymentPostprocessing = 0;
		};
		152349C425B61E27001B8E33 /* Sources */ = {
			isa = PBXSourcesBuildPhase;
			buildActionMask = 2147483647;
			files = (
				152349CD25B61E27001B8E33 /* TankerCoPirateTests.swift in Sources */,
			);
			runOnlyForDeploymentPostprocessing = 0;
		};
		152349CF25B61E27001B8E33 /* Sources */ = {
			isa = PBXSourcesBuildPhase;
			buildActionMask = 2147483647;
			files = (
				152349D825B61E27001B8E33 /* TankerCoPirateUITests.swift in Sources */,
			);
			runOnlyForDeploymentPostprocessing = 0;
		};
/* End PBXSourcesBuildPhase section */

/* Begin PBXTargetDependency section */
		152349CA25B61E27001B8E33 /* PBXTargetDependency */ = {
			isa = PBXTargetDependency;
			target = 152349B625B61E25001B8E33 /* TankerCoPirate */;
			targetProxy = 152349C925B61E27001B8E33 /* PBXContainerItemProxy */;
		};
		152349D525B61E27001B8E33 /* PBXTargetDependency */ = {
			isa = PBXTargetDependency;
			target = 152349B625B61E25001B8E33 /* TankerCoPirate */;
			targetProxy = 152349D425B61E27001B8E33 /* PBXContainerItemProxy */;
		};
/* End PBXTargetDependency section */

/* Begin XCBuildConfiguration section */
		152349DA25B61E27001B8E33 /* Debug */ = {
			isa = XCBuildConfiguration;
			buildSettings = {
				ALWAYS_SEARCH_USER_PATHS = NO;
				CLANG_ANALYZER_NONNULL = YES;
				CLANG_ANALYZER_NUMBER_OBJECT_CONVERSION = YES_AGGRESSIVE;
				CLANG_CXX_LANGUAGE_STANDARD = "gnu++14";
				CLANG_CXX_LIBRARY = "libc++";
				CLANG_ENABLE_MODULES = YES;
				CLANG_ENABLE_OBJC_ARC = YES;
				CLANG_ENABLE_OBJC_WEAK = YES;
				CLANG_WARN_BLOCK_CAPTURE_AUTORELEASING = YES;
				CLANG_WARN_BOOL_CONVERSION = YES;
				CLANG_WARN_COMMA = YES;
				CLANG_WARN_CONSTANT_CONVERSION = YES;
				CLANG_WARN_DEPRECATED_OBJC_IMPLEMENTATIONS = YES;
				CLANG_WARN_DIRECT_OBJC_ISA_USAGE = YES_ERROR;
				CLANG_WARN_DOCUMENTATION_COMMENTS = YES;
				CLANG_WARN_EMPTY_BODY = YES;
				CLANG_WARN_ENUM_CONVERSION = YES;
				CLANG_WARN_INFINITE_RECURSION = YES;
				CLANG_WARN_INT_CONVERSION = YES;
				CLANG_WARN_NON_LITERAL_NULL_CONVERSION = YES;
				CLANG_WARN_OBJC_IMPLICIT_RETAIN_SELF = YES;
				CLANG_WARN_OBJC_LITERAL_CONVERSION = YES;
				CLANG_WARN_OBJC_ROOT_CLASS = YES_ERROR;
				CLANG_WARN_QUOTED_INCLUDE_IN_FRAMEWORK_HEADER = YES;
				CLANG_WARN_RANGE_LOOP_ANALYSIS = YES;
				CLANG_WARN_STRICT_PROTOTYPES = YES;
				CLANG_WARN_SUSPICIOUS_MOVE = YES;
				CLANG_WARN_UNGUARDED_AVAILABILITY = YES_AGGRESSIVE;
				CLANG_WARN_UNREACHABLE_CODE = YES;
				CLANG_WARN__DUPLICATE_METHOD_MATCH = YES;
				COPY_PHASE_STRIP = NO;
				DEBUG_INFORMATION_FORMAT = dwarf;
				ENABLE_STRICT_OBJC_MSGSEND = YES;
				ENABLE_TESTABILITY = YES;
				GCC_C_LANGUAGE_STANDARD = gnu11;
				GCC_DYNAMIC_NO_PIC = NO;
				GCC_NO_COMMON_BLOCKS = YES;
				GCC_OPTIMIZATION_LEVEL = 0;
				GCC_PREPROCESSOR_DEFINITIONS = (
					"DEBUG=1",
					"$(inherited)",
				);
				GCC_WARN_64_TO_32_BIT_CONVERSION = YES;
				GCC_WARN_ABOUT_RETURN_TYPE = YES_ERROR;
				GCC_WARN_UNDECLARED_SELECTOR = YES;
				GCC_WARN_UNINITIALIZED_AUTOS = YES_AGGRESSIVE;
				GCC_WARN_UNUSED_FUNCTION = YES;
				GCC_WARN_UNUSED_VARIABLE = YES;
				IPHONEOS_DEPLOYMENT_TARGET = 14.3;
				MTL_ENABLE_DEBUG_INFO = INCLUDE_SOURCE;
				MTL_FAST_MATH = YES;
				ONLY_ACTIVE_ARCH = YES;
				SDKROOT = iphoneos;
				SWIFT_ACTIVE_COMPILATION_CONDITIONS = DEBUG;
				SWIFT_OPTIMIZATION_LEVEL = "-Onone";
			};
			name = Debug;
		};
		152349DB25B61E27001B8E33 /* Release */ = {
			isa = XCBuildConfiguration;
			buildSettings = {
				ALWAYS_SEARCH_USER_PATHS = NO;
				CLANG_ANALYZER_NONNULL = YES;
				CLANG_ANALYZER_NUMBER_OBJECT_CONVERSION = YES_AGGRESSIVE;
				CLANG_CXX_LANGUAGE_STANDARD = "gnu++14";
				CLANG_CXX_LIBRARY = "libc++";
				CLANG_ENABLE_MODULES = YES;
				CLANG_ENABLE_OBJC_ARC = YES;
				CLANG_ENABLE_OBJC_WEAK = YES;
				CLANG_WARN_BLOCK_CAPTURE_AUTORELEASING = YES;
				CLANG_WARN_BOOL_CONVERSION = YES;
				CLANG_WARN_COMMA = YES;
				CLANG_WARN_CONSTANT_CONVERSION = YES;
				CLANG_WARN_DEPRECATED_OBJC_IMPLEMENTATIONS = YES;
				CLANG_WARN_DIRECT_OBJC_ISA_USAGE = YES_ERROR;
				CLANG_WARN_DOCUMENTATION_COMMENTS = YES;
				CLANG_WARN_EMPTY_BODY = YES;
				CLANG_WARN_ENUM_CONVERSION = YES;
				CLANG_WARN_INFINITE_RECURSION = YES;
				CLANG_WARN_INT_CONVERSION = YES;
				CLANG_WARN_NON_LITERAL_NULL_CONVERSION = YES;
				CLANG_WARN_OBJC_IMPLICIT_RETAIN_SELF = YES;
				CLANG_WARN_OBJC_LITERAL_CONVERSION = YES;
				CLANG_WARN_OBJC_ROOT_CLASS = YES_ERROR;
				CLANG_WARN_QUOTED_INCLUDE_IN_FRAMEWORK_HEADER = YES;
				CLANG_WARN_RANGE_LOOP_ANALYSIS = YES;
				CLANG_WARN_STRICT_PROTOTYPES = YES;
				CLANG_WARN_SUSPICIOUS_MOVE = YES;
				CLANG_WARN_UNGUARDED_AVAILABILITY = YES_AGGRESSIVE;
				CLANG_WARN_UNREACHABLE_CODE = YES;
				CLANG_WARN__DUPLICATE_METHOD_MATCH = YES;
				COPY_PHASE_STRIP = NO;
				DEBUG_INFORMATION_FORMAT = "dwarf-with-dsym";
				ENABLE_NS_ASSERTIONS = NO;
				ENABLE_STRICT_OBJC_MSGSEND = YES;
				GCC_C_LANGUAGE_STANDARD = gnu11;
				GCC_NO_COMMON_BLOCKS = YES;
				GCC_WARN_64_TO_32_BIT_CONVERSION = YES;
				GCC_WARN_ABOUT_RETURN_TYPE = YES_ERROR;
				GCC_WARN_UNDECLARED_SELECTOR = YES;
				GCC_WARN_UNINITIALIZED_AUTOS = YES_AGGRESSIVE;
				GCC_WARN_UNUSED_FUNCTION = YES;
				GCC_WARN_UNUSED_VARIABLE = YES;
				IPHONEOS_DEPLOYMENT_TARGET = 14.3;
				MTL_ENABLE_DEBUG_INFO = NO;
				MTL_FAST_MATH = YES;
				SDKROOT = iphoneos;
				SWIFT_COMPILATION_MODE = wholemodule;
				SWIFT_OPTIMIZATION_LEVEL = "-O";
				VALIDATE_PRODUCT = YES;
			};
			name = Release;
		};
		152349DD25B61E27001B8E33 /* Debug */ = {
			isa = XCBuildConfiguration;
			buildSettings = {
				ASSETCATALOG_COMPILER_APPICON_NAME = AppIcon;
				ASSETCATALOG_COMPILER_GLOBAL_ACCENT_COLOR_NAME = AccentColor;
				CODE_SIGN_STYLE = Automatic;
				DEVELOPMENT_ASSET_PATHS = "\"TankerCoPirate/Preview Content\"";
				ENABLE_PREVIEWS = YES;
				INFOPLIST_FILE = TankerCoPirate/Info.plist;
				IPHONEOS_DEPLOYMENT_TARGET = 14.0;
				LD_RUNPATH_SEARCH_PATHS = (
					"$(inherited)",
					"@executable_path/Frameworks",
				);
				PRODUCT_BUNDLE_IDENTIFIER = SteamOn.TankerCoPirate;
				PRODUCT_NAME = "$(TARGET_NAME)";
				SWIFT_VERSION = 5.0;
				TARGETED_DEVICE_FAMILY = "1,2";
			};
			name = Debug;
		};
		152349DE25B61E27001B8E33 /* Release */ = {
			isa = XCBuildConfiguration;
			buildSettings = {
				ASSETCATALOG_COMPILER_APPICON_NAME = AppIcon;
				ASSETCATALOG_COMPILER_GLOBAL_ACCENT_COLOR_NAME = AccentColor;
				CODE_SIGN_STYLE = Automatic;
				DEVELOPMENT_ASSET_PATHS = "\"TankerCoPirate/Preview Content\"";
				ENABLE_PREVIEWS = YES;
				INFOPLIST_FILE = TankerCoPirate/Info.plist;
				IPHONEOS_DEPLOYMENT_TARGET = 14.0;
				LD_RUNPATH_SEARCH_PATHS = (
					"$(inherited)",
					"@executable_path/Frameworks",
				);
				PRODUCT_BUNDLE_IDENTIFIER = SteamOn.TankerCoPirate;
				PRODUCT_NAME = "$(TARGET_NAME)";
				SWIFT_VERSION = 5.0;
				TARGETED_DEVICE_FAMILY = "1,2";
			};
			name = Release;
		};
		152349E025B61E27001B8E33 /* Debug */ = {
			isa = XCBuildConfiguration;
			buildSettings = {
				ALWAYS_EMBED_SWIFT_STANDARD_LIBRARIES = YES;
				BUNDLE_LOADER = "$(TEST_HOST)";
				CODE_SIGN_STYLE = Automatic;
				INFOPLIST_FILE = TankerCoPirateTests/Info.plist;
				IPHONEOS_DEPLOYMENT_TARGET = 14.0;
				LD_RUNPATH_SEARCH_PATHS = (
					"$(inherited)",
					"@executable_path/Frameworks",
					"@loader_path/Frameworks",
				);
				PRODUCT_BUNDLE_IDENTIFIER = SteamOn.TankerCoPirateTests;
				PRODUCT_NAME = "$(TARGET_NAME)";
				SWIFT_VERSION = 5.0;
				TARGETED_DEVICE_FAMILY = "1,2";
				TEST_HOST = "$(BUILT_PRODUCTS_DIR)/TankerCoPirate.app/TankerCoPirate";
			};
			name = Debug;
		};
		152349E125B61E27001B8E33 /* Release */ = {
			isa = XCBuildConfiguration;
			buildSettings = {
				ALWAYS_EMBED_SWIFT_STANDARD_LIBRARIES = YES;
				BUNDLE_LOADER = "$(TEST_HOST)";
				CODE_SIGN_STYLE = Automatic;
				INFOPLIST_FILE = TankerCoPirateTests/Info.plist;
				IPHONEOS_DEPLOYMENT_TARGET = 14.0;
				LD_RUNPATH_SEARCH_PATHS = (
					"$(inherited)",
					"@executable_path/Frameworks",
					"@loader_path/Frameworks",
				);
				PRODUCT_BUNDLE_IDENTIFIER = SteamOn.TankerCoPirateTests;
				PRODUCT_NAME = "$(TARGET_NAME)";
				SWIFT_VERSION = 5.0;
				TARGETED_DEVICE_FAMILY = "1,2";
				TEST_HOST = "$(BUILT_PRODUCTS_DIR)/TankerCoPirate.app/TankerCoPirate";
			};
			name = Release;
		};
		152349E325B61E27001B8E33 /* Debug */ = {
			isa = XCBuildConfiguration;
			buildSettings = {
				ALWAYS_EMBED_SWIFT_STANDARD_LIBRARIES = YES;
				CODE_SIGN_STYLE = Automatic;
				INFOPLIST_FILE = TankerCoPirateUITests/Info.plist;
				LD_RUNPATH_SEARCH_PATHS = (
					"$(inherited)",
					"@executable_path/Frameworks",
					"@loader_path/Frameworks",
				);
				PRODUCT_BUNDLE_IDENTIFIER = SteamOn.TankerCoPirateUITests;
				PRODUCT_NAME = "$(TARGET_NAME)";
				SWIFT_VERSION = 5.0;
				TARGETED_DEVICE_FAMILY = "1,2";
				TEST_TARGET_NAME = TankerCoPirate;
			};
			name = Debug;
		};
		152349E425B61E27001B8E33 /* Release */ = {
			isa = XCBuildConfiguration;
			buildSettings = {
				ALWAYS_EMBED_SWIFT_STANDARD_LIBRARIES = YES;
				CODE_SIGN_STYLE = Automatic;
				INFOPLIST_FILE = TankerCoPirateUITests/Info.plist;
				LD_RUNPATH_SEARCH_PATHS = (
					"$(inherited)",
					"@executable_path/Frameworks",
					"@loader_path/Frameworks",
				);
				PRODUCT_BUNDLE_IDENTIFIER = SteamOn.TankerCoPirateUITests;
				PRODUCT_NAME = "$(TARGET_NAME)";
				SWIFT_VERSION = 5.0;
				TARGETED_DEVICE_FAMILY = "1,2";
				TEST_TARGET_NAME = TankerCoPirate;
			};
			name = Release;
		};
/* End XCBuildConfiguration section */

/* Begin XCConfigurationList section */
		152349B225B61E25001B8E33 /* Build configuration list for PBXProject "TankerCoPirate" */ = {
			isa = XCConfigurationList;
			buildConfigurations = (
				152349DA25B61E27001B8E33 /* Debug */,
				152349DB25B61E27001B8E33 /* Release */,
			);
			defaultConfigurationIsVisible = 0;
			defaultConfigurationName = Release;
		};
		152349DC25B61E27001B8E33 /* Build configuration list for PBXNativeTarget "TankerCoPirate" */ = {
			isa = XCConfigurationList;
			buildConfigurations = (
				152349DD25B61E27001B8E33 /* Debug */,
				152349DE25B61E27001B8E33 /* Release */,
			);
			defaultConfigurationIsVisible = 0;
			defaultConfigurationName = Release;
		};
		152349DF25B61E27001B8E33 /* Build configuration list for PBXNativeTarget "TankerCoPirateTests" */ = {
			isa = XCConfigurationList;
			buildConfigurations = (
				152349E025B61E27001B8E33 /* Debug */,
				152349E125B61E27001B8E33 /* Release */,
			);
			defaultConfigurationIsVisible = 0;
			defaultConfigurationName = Release;
		};
		152349E225B61E27001B8E33 /* Build configuration list for PBXNativeTarget "TankerCoPirateUITests" */ = {
			isa = XCConfigurationList;
			buildConfigurations = (
				152349E325B61E27001B8E33 /* Debug */,
				152349E425B61E27001B8E33 /* Release */,
			);
			defaultConfigurationIsVisible = 0;
			defaultConfigurationName = Release;
		};
/* End XCConfigurationList section */
	};
	rootObject = 152349AF25B61E25001B8E33 /* Project object */;
}
